{
  "name": "simpletext",
  "version": "1.0-beta.0",
  "lockfileVersion": 2,
  "requires": true,
  "packages": {
    "": {
      "name": "simpletext",
      "version": "1.0-beta.0",
      "license": "MIT",
      "dependencies": {
        "electron-builder": "^22.14.13",
        "electron-squirrel-startup": "^1.0.0"
      },
      "devDependencies": {
        "@electron-forge/cli": "^6.0.0-beta.63",
        "@electron-forge/maker-deb": "^6.0.0-beta.63",
        "@electron-forge/maker-rpm": "^6.0.0-beta.63",
        "@electron-forge/maker-squirrel": "^6.0.0-beta.63",
        "@electron-forge/maker-zip": "^6.0.0-beta.63",
        "electron": "^17.0.0",
        "electron-packager": "^15.4.0"
      }
    },
    "node_modules/@develar/schema-utils": {
      "version": "2.6.5",
      "resolved": "https://registry.npmjs.org/@develar/schema-utils/-/schema-utils-2.6.5.tgz",
      "integrity": "sha512-0cp4PsWQ/9avqTVMCtZ+GirikIA36ikvjtHweU4/j8yLtgObI0+JUPhYFScgwlteveGB1rt3Cm8UhN04XayDig==",
      "dependencies": {
        "ajv": "^6.12.0",
        "ajv-keywords": "^3.4.1"
      },
      "engines": {
        "node": ">= 8.9.0"
      },
      "funding": {
        "type": "opencollective",
        "url": "https://opencollective.com/webpack"
      }
    },
    "node_modules/@electron-forge/async-ora": {
      "version": "6.0.0-beta.63",
      "resolved": "https://registry.npmjs.org/@electron-forge/async-ora/-/async-ora-6.0.0-beta.63.tgz",
      "integrity": "sha512-e1BbeUV20yWZWeRJ3LDLcloPPgHwTXV1wAJXpAdDbmTmcRyAGx9iVx2Qyh6t878c7zX36XXlqfCIOvODsgiuOQ==",
      "dev": true,
      "dependencies": {
        "chalk": "^4.0.0",
        "debug": "^4.3.1",
        "log-symbols": "^4.0.0",
        "ora": "^5.0.0",
        "pretty-ms": "^7.0.0"
      },
      "engines": {
        "node": ">= 12.13.0"
      }
    },
    "node_modules/@electron-forge/cli": {
      "version": "6.0.0-beta.63",
      "resolved": "https://registry.npmjs.org/@electron-forge/cli/-/cli-6.0.0-beta.63.tgz",
      "integrity": "sha512-I2B/hX16IDbuc2ip6JjAxrTF8XSQfuoIkb/EoqzEluPrdCx6VTzEahOQlUH+CvPohpwD/LDsH4Usd9/krKlkfg==",
      "dev": true,
      "funding": [
        {
          "type": "individual",
          "url": "https://github.com/sponsors/malept"
        },
        {
          "type": "tidelift",
          "url": "https://tidelift.com/subscription/pkg/npm-.electron-forge-cli?utm_medium=referral&utm_source=npm_fund"
        }
      ],
      "icon": "src/icon.ico"
    },
    "nsis": {
      "installerIcon": "src/icon.ico",
      "uninstallerIcon": "src/icon.ico",
      "uninstallDisplayName": "simpletext",
      "oneClick": false,
      "allowToChangeInstallationDirectory": true

    }
  },
  "scripts": {
    "test": "electron src/.",
    "start": "electron-forge start",
    "package": "electron-forge package",
    "make": "electron-forge make",
    "build-installer": "electron-builder"
  },
  "repository": {
    "type": "git",
    "url": "git+https://github.com/Paxxous/First-Electron-App.git"
  },
  "keywords": [
    "text-editor",
    "electron",
    "simplistic"
  ],
  "author": "paxxous",
  "license": "MIT",
  "bugs": {
    "url": "https://github.com/Paxxous/First-Electron-App/issues"
  },
  "homepage": "https://github.com/Paxxous/First-Electron-App#readme",
  "devDependencies": {
    "@electron-forge/cli": "^6.0.0-beta.63",
    "@electron-forge/maker-deb": "^6.0.0-beta.63",
    "@electron-forge/maker-rpm": "^6.0.0-beta.63",
    "@electron-forge/maker-squirrel": "^6.0.0-beta.63",
    "@electron-forge/maker-zip": "^6.0.0-beta.63",
    "electron-builder": "^22.14.13",
    "electron": "^17.0.0"
  },
  "dependencies": {
    "electron-squirrel-startup": "^1.0.0"
  },
  "config": {
    "forge": {
      "packagerConfig": {
        "icon": "./src/icon.ico",
        "setupIcon": "./src/icon.ico"
      },
      "makers": [
        {
          "name": "@electron-forge/maker-squirrel",
          "config": {
            "name": "simpletext",
            "icon": "./src/icon.ico",
            "setupIcon": "./src/icon.ico"
          }
        },
        {
          "name": "@electron-forge/maker-zip",
          "platforms": [
            "darwin"
          ]
        },
        {
          "name": "@electron-forge/maker-deb",
          "config": {}
        },
        {
          "name": "@electron-forge/maker-rpm",
          "config": {}
        }
      ]
    }
  }
}
